Microsoft Visual Studio Solution File, Format Version 12.00
# Visual Studio Version 17
VisualStudioVersion = 17.5.2.0
MinimumVisualStudioVersion = 10.0.40219.1
Project("{FAE04EC0-301F-11D3-BF4B-00C04F79EFBC}") = "msal-interactive-auth", "msal-interactive-auth.csproj", "{F746371F-0C2A-FE8E-8D1F-9ED8A10B0093}"
EndProject
Global
	GlobalSection(SolutionConfigurationPlatforms) = preSolution
		Debug|Any CPU = Debug|Any CPU
		Release|Any CPU = Release|Any CPU
	EndGlobalSection
	GlobalSection(ProjectConfigurationPlatforms) = postSolution
		{F746371F-0C2A-FE8E-8D1F-9ED8A10B0093}.Debug|Any CPU.ActiveCfg = Debug|Any CPU
		{F746371F-0C2A-FE8E-8D1F-9ED8A10B0093}.Debug|Any CPU.Build.0 = Debug|Any CPU
		{F746371F-0C2A-FE8E-8D1F-9ED8A10B0093}.Release|Any CPU.ActiveCfg = Release|Any CPU
		{F746371F-0C2A-FE8E-8D1F-9ED8A10B0093}.Release|Any CPU.Build.0 = Release|Any CPU
	EndGlobalSection
	GlobalSection(SolutionProperties) = preSolution
		HideSolutionNode = FALSE
	EndGlobalSection
	GlobalSection(ExtensibilityGlobals) = postSolution
		SolutionGuid = {36872347-550C-4F3E-BE28-C78C44EA2FAB}
	EndGlobalSection
EndGlobal
